// !$*UTF8*$!
{
	archiveVersion = 1;
	classes = {
	};
	objectVersion = 46;
	objects = {

/* Begin PBXBuildFile section */
		0108C8D21E5371D80017DFE9 /* main.m in Sources */ = {isa = PBXBuildFile; fileRef = 0108C8D11E5371D80017DFE9 /* main.m */; };
		0108C8D51E5371D80017DFE9 /* AppDelegate.m in Sources */ = {isa = PBXBuildFile; fileRef = 0108C8D41E5371D80017DFE9 /* AppDelegate.m */; };
		0108C8D81E5371D80017DFE9 /* ViewController.m in Sources */ = {isa = PBXBuildFile; fileRef = 0108C8D71E5371D80017DFE9 /* ViewController.m */; };
		0108C8DB1E5371D80017DFE9 /* Main.storyboard in Resources */ = {isa = PBXBuildFile; fileRef = 0108C8D91E5371D80017DFE9 /* Main.storyboard */; };
		0108C8DD1E5371D80017DFE9 /* Assets.xcassets in Resources */ = {isa = PBXBuildFile; fileRef = 0108C8DC1E5371D80017DFE9 /* Assets.xcassets */; };
		0108C8E01E5371D80017DFE9 /* LaunchScreen.storyboard in Resources */ = {isa = PBXBuildFile; fileRef = 0108C8DE1E5371D80017DFE9 /* LaunchScreen.storyboard */; };
		0108C8EB1E5371D80017DFE9 /* TestAppTests.m in Sources */ = {isa = PBXBuildFile; fileRef = 0108C8EA1E5371D80017DFE9 /* TestAppTests.m */; };
		0108C8F61E5371D80017DFE9 /* TestAppUITests.m in Sources */ = {isa = PBXBuildFile; fileRef = 0108C8F51E5371D80017DFE9 /* TestAppUITests.m */; };
/* End PBXBuildFile section */

/* Begin PBXContainerItemProxy section */
		0108C8E71E5371D80017DFE9 /* PBXContainerItemProxy */ = {
			isa = PBXContainerItemProxy;
			containerPortal = 0108C8C51E5371D70017DFE9 /* Project object */;
			proxyType = 1;
			remoteGlobalIDString = 0108C8CC1E5371D70017DFE9;
			remoteInfo = TestApp;
		};
		0108C8F21E5371D80017DFE9 /* PBXContainerItemProxy */ = {
			isa = PBXContainerItemProxy;
			containerPortal = 0108C8C51E5371D70017DFE9 /* Project object */;
			proxyType = 1;
			remoteGlobalIDString = 0108C8CC1E5371D70017DFE9;
			remoteInfo = TestApp;
		};
/* End PBXContainerItemProxy section */

/* Begin PBXFileReference section */
		0108C8CD1E5371D80017DFE9 /* TestApp.app */ = {isa = PBXFileReference; explicitFileType = wrapper.application; includeInIndex = 0; path = TestApp.app; sourceTree = BUILT_PRODUCTS_DIR; };
		0108C8D11E5371D80017DFE9 /* main.m */ = {isa = PBXFileReference; lastKnownFileType = sourcecode.c.objc; path = main.m; sourceTree = "<group>"; };
		0108C8D31E5371D80017DFE9 /* AppDelegate.h */ = {isa = PBXFileReference; lastKnownFileType = sourcecode.c.h; path = AppDelegate.h; sourceTree = "<group>"; };
		0108C8D41E5371D80017DFE9 /* AppDelegate.m */ = {isa = PBXFileReference; lastKnownFileType = sourcecode.c.objc; path = AppDelegate.m; sourceTree = "<group>"; };
		0108C8D61E5371D80017DFE9 /* ViewController.h */ = {isa = PBXFileReference; lastKnownFileType = sourcecode.c.h; path = ViewController.h; sourceTree = "<group>"; };
		0108C8D71E5371D80017DFE9 /* ViewController.m */ = {isa = PBXFileReference; lastKnownFileType = sourcecode.c.objc; path = ViewController.m; sourceTree = "<group>"; };
		0108C8DA1E5371D80017DFE9 /* Base */ = {isa = PBXFileReference; lastKnownFileType = file.storyboard; name = Base; path = Base.lproj/Main.storyboard; sourceTree = "<group>"; };
		0108C8DC1E5371D80017DFE9 /* Assets.xcassets */ = {isa = PBXFileReference; lastKnownFileType = folder.assetcatalog; path = Assets.xcassets; sourceTree = "<group>"; };
		0108C8DF1E5371D80017DFE9 /* Base */ = {isa = PBXFileReference; lastKnownFileType = file.storyboard; name = Base; path = Base.lproj/LaunchScreen.storyboard; sourceTree = "<group>"; };
		0108C8E11E5371D80017DFE9 /* Info.plist */ = {isa = PBXFileReference; lastKnownFileType = text.plist.xml; path = Info.plist; sourceTree = "<group>"; };
		0108C8E61E5371D80017DFE9 /* TestAppTests.xctest */ = {isa = PBXFileReference; explicitFileType = wrapper.cfbundle; includeInIndex = 0; path = TestAppTests.xctest; sourceTree = BUILT_PRODUCTS_DIR; };
		0108C8EA1E5371D80017DFE9 /* TestAppTests.m */ = {isa = PBXFileReference; lastKnownFileType = sourcecode.c.objc; path = TestAppTests.m; sourceTree = "<group>"; };
		0108C8EC1E5371D80017DFE9 /* Info.plist */ = {isa = PBXFileReference; lastKnownFileType = text.plist.xml; path = Info.plist; sourceTree = "<group>"; };
		0108C8F11E5371D80017DFE9 /* TestAppUITests.xctest */ = {isa = PBXFileReference; explicitFileType = wrapper.cfbundle; includeInIndex = 0; path = TestAppUITests.xctest; sourceTree = BUILT_PRODUCTS_DIR; };
		0108C8F51E5371D80017DFE9 /* TestAppUITests.m */ = {isa = PBXFileReference; lastKnownFileType = sourcecode.c.objc; path = TestAppUITests.m; sourceTree = "<group>"; };
		0108C8F71E5371D80017DFE9 /* Info.plist */ = {isa = PBXFileReference; lastKnownFileType = text.plist.xml; path = Info.plist; sourceTree = "<group>"; };
/* End PBXFileReference section */

/* Begin PBXFrameworksBuildPhase section */
		0108C8CA1E5371D70017DFE9 /* Frameworks */ = {
			isa = PBXFrameworksBuildPhase;
			buildActionMask = 2147483647;
			files = (
			);
			runOnlyForDeploymentPostprocessing = 0;
		};
		0108C8E31E5371D80017DFE9 /* Frameworks */ = {
			isa = PBXFrameworksBuildPhase;
			buildActionMask = 2147483647;
			files = (
			);
			runOnlyForDeploymentPostprocessing = 0;
		};
		0108C8EE1E5371D80017DFE9 /* Frameworks */ = {
			isa = PBXFrameworksBuildPhase;
			buildActionMask = 2147483647;
			files = (
			);
			runOnlyForDeploymentPostprocessing = 0;
		};
/* End PBXFrameworksBuildPhase section */

/* Begin PBXGroup section */
		0108C8C41E5371D70017DFE9 = {
			isa = PBXGroup;
			children = (
				0108C8CF1E5371D80017DFE9 /* TestApp */,
				0108C8E91E5371D80017DFE9 /* TestAppTests */,
				0108C8F41E5371D80017DFE9 /* TestAppUITests */,
				0108C8CE1E5371D80017DFE9 /* Products */,
			);
			sourceTree = "<group>";
		};
		0108C8CE1E5371D80017DFE9 /* Products */ = {
			isa = PBXGroup;
			children = (
				0108C8CD1E5371D80017DFE9 /* TestApp.app */,
				0108C8E61E5371D80017DFE9 /* TestAppTests.xctest */,
				0108C8F11E5371D80017DFE9 /* TestAppUITests.xctest */,
			);
			name = Products;
			sourceTree = "<group>";
		};
		0108C8CF1E5371D80017DFE9 /* TestApp */ = {
			isa = PBXGroup;
			children = (
				0108C8D31E5371D80017DFE9 /* AppDelegate.h */,
				0108C8D41E5371D80017DFE9 /* AppDelegate.m */,
				0108C8D61E5371D80017DFE9 /* ViewController.h */,
				0108C8D71E5371D80017DFE9 /* ViewController.m */,
				0108C8D91E5371D80017DFE9 /* Main.storyboard */,
				0108C8DC1E5371D80017DFE9 /* Assets.xcassets */,
				0108C8DE1E5371D80017DFE9 /* LaunchScreen.storyboard */,
				0108C8E11E5371D80017DFE9 /* Info.plist */,
				0108C8D01E5371D80017DFE9 /* Supporting Files */,
			);
			path = TestApp;
			sourceTree = "<group>";
		};
		0108C8D01E5371D80017DFE9 /* Supporting Files */ = {
			isa = PBXGroup;
			children = (
				0108C8D11E5371D80017DFE9 /* main.m */,
			);
			name = "Supporting Files";
			sourceTree = "<group>";
		};
		0108C8E91E5371D80017DFE9 /* TestAppTests */ = {
			isa = PBXGroup;
			children = (
				0108C8EA1E5371D80017DFE9 /* TestAppTests.m */,
				0108C8EC1E5371D80017DFE9 /* Info.plist */,
			);
			path = TestAppTests;
			sourceTree = "<group>";
		};
		0108C8F41E5371D80017DFE9 /* TestAppUITests */ = {
			isa = PBXGroup;
			children = (
				0108C8F51E5371D80017DFE9 /* TestAppUITests.m */,
				0108C8F71E5371D80017DFE9 /* Info.plist */,
			);
			path = TestAppUITests;
			sourceTree = "<group>";
		};
/* End PBXGroup section */

/* Begin PBXNativeTarget section */
		0108C8CC1E5371D70017DFE9 /* TestApp */ = {
			isa = PBXNativeTarget;
			buildConfigurationList = 0108C8FA1E5371D80017DFE9 /* Build configuration list for PBXNativeTarget "TestApp" */;
			buildPhases = (
				0108C8C91E5371D70017DFE9 /* Sources */,
				0108C8CA1E5371D70017DFE9 /* Frameworks */,
				0108C8CB1E5371D70017DFE9 /* Resources */,
			);
			buildRules = (
			);
			dependencies = (
			);
			name = TestApp;
			productName = TestApp;
			productReference = 0108C8CD1E5371D80017DFE9 /* TestApp.app */;
			productType = "com.apple.product-type.application";
		};
		0108C8E51E5371D80017DFE9 /* TestAppTests */ = {
			isa = PBXNativeTarget;
			buildConfigurationList = 0108C8FD1E5371D80017DFE9 /* Build configuration list for PBXNativeTarget "TestAppTests" */;
			buildPhases = (
				0108C8E21E5371D80017DFE9 /* Sources */,
				0108C8E31E5371D80017DFE9 /* Frameworks */,
				0108C8E41E5371D80017DFE9 /* Resources */,
			);
			buildRules = (
			);
			dependencies = (
				0108C8E81E5371D80017DFE9 /* PBXTargetDependency */,
			);
			name = TestAppTests;
			productName = TestAppTests;
			productReference = 0108C8E61E5371D80017DFE9 /* TestAppTests.xctest */;
			productType = "com.apple.product-type.bundle.unit-test";
		};
		0108C8F01E5371D80017DFE9 /* TestAppUITests */ = {
			isa = PBXNativeTarget;
			buildConfigurationList = 0108C9001E5371D80017DFE9 /* Build configuration list for PBXNativeTarget "TestAppUITests" */;
			buildPhases = (
				0108C8ED1E5371D80017DFE9 /* Sources */,
				0108C8EE1E5371D80017DFE9 /* Frameworks */,
				0108C8EF1E5371D80017DFE9 /* Resources */,
			);
			buildRules = (
			);
			dependencies = (
				0108C8F31E5371D80017DFE9 /* PBXTargetDependency */,
			);
			name = TestAppUITests;
			productName = TestAppUITests;
			productReference = 0108C8F11E5371D80017DFE9 /* TestAppUITests.xctest */;
			productType = "com.apple.product-type.bundle.ui-testing";
		};
/* End PBXNativeTarget section */

/* Begin PBXProject section */
		0108C8C51E5371D70017DFE9 /* Project object */ = {
			isa = PBXProject;
			attributes = {
				LastUpgradeCheck = 0820;
				ORGANIZATIONNAME = "Ayushi Parashar";
				TargetAttributes = {
					0108C8CC1E5371D70017DFE9 = {
						CreatedOnToolsVersion = 8.2.1;
						ProvisioningStyle = Automatic;
					};
					0108C8E51E5371D80017DFE9 = {
						CreatedOnToolsVersion = 8.2.1;
						ProvisioningStyle = Automatic;
						TestTargetID = 0108C8CC1E5371D70017DFE9;
					};
					0108C8F01E5371D80017DFE9 = {
						CreatedOnToolsVersion = 8.2.1;
						ProvisioningStyle = Automatic;
						TestTargetID = 0108C8CC1E5371D70017DFE9;
					};
				};
			};
			buildConfigurationList = 0108C8C81E5371D70017DFE9 /* Build configuration list for PBXProject "TestApp" */;
			compatibilityVersion = "Xcode 3.2";
			developmentRegion = English;
			hasScannedForEncodings = 0;
			knownRegions = (
				en,
				Base,
			);
			mainGroup = 0108C8C41E5371D70017DFE9;
			productRefGroup = 0108C8CE1E5371D80017DFE9 /* Products */;
			projectDirPath = "";
			projectRoot = "";
			targets = (
				0108C8CC1E5371D70017DFE9 /* TestApp */,
				0108C8E51E5371D80017DFE9 /* TestAppTests */,
				0108C8F01E5371D80017DFE9 /* TestAppUITests */,
			);
		};
/* End PBXProject section */

/* Begin PBXResourcesBuildPhase section */
		0108C8CB1E5371D70017DFE9 /* Resources */ = {
			isa = PBXResourcesBuildPhase;
			buildActionMask = 2147483647;
			files = (
				0108C8E01E5371D80017DFE9 /* LaunchScreen.storyboard in Resources */,
				0108C8DD1E5371D80017DFE9 /* Assets.xcassets in Resources */,
				0108C8DB1E5371D80017DFE9 /* Main.storyboard in Resources */,
			);
			runOnlyForDeploymentPostprocessing = 0;
		};
		0108C8E41E5371D80017DFE9 /* Resources */ = {
			isa = PBXResourcesBuildPhase;
			buildActionMask = 2147483647;
			files = (
			);
			runOnlyForDeploymentPostprocessing = 0;
		};
		0108C8EF1E5371D80017DFE9 /* Resources */ = {
			isa = PBXResourcesBuildPhase;
			buildActionMask = 2147483647;
			files = (
			);
			runOnlyForDeploymentPostprocessing = 0;
		};
/* End PBXResourcesBuildPhase section */

/* Begin PBXSourcesBuildPhase section */
		0108C8C91E5371D70017DFE9 /* Sources */ = {
			isa = PBXSourcesBuildPhase;
			buildActionMask = 2147483647;
			files = (
				0108C8D81E5371D80017DFE9 /* ViewController.m in Sources */,
				0108C8D51E5371D80017DFE9 /* AppDelegate.m in Sources */,
				0108C8D21E5371D80017DFE9 /* main.m in Sources */,
			);
			runOnlyForDeploymentPostprocessing = 0;
		};
		0108C8E21E5371D80017DFE9 /* Sources */ = {
			isa = PBXSourcesBuildPhase;
			buildActionMask = 2147483647;
			files = (
				0108C8EB1E5371D80017DFE9 /* TestAppTests.m in Sources */,
			);
			runOnlyForDeploymentPostprocessing = 0;
		};
		0108C8ED1E5371D80017DFE9 /* Sources */ = {
			isa = PBXSourcesBuildPhase;
			buildActionMask = 2147483647;
			files = (
				0108C8F61E5371D80017DFE9 /* TestAppUITests.m in Sources */,
			);
			runOnlyForDeploymentPostprocessing = 0;
		};
/* End PBXSourcesBuildPhase section */

/* Begin PBXTargetDependency section */
		0108C8E81E5371D80017DFE9 /* PBXTargetDependency */ = {
			isa = PBXTargetDependency;
			target = 0108C8CC1E5371D70017DFE9 /* TestApp */;
			targetProxy = 0108C8E71E5371D80017DFE9 /* PBXContainerItemProxy */;
		};
		0108C8F31E5371D80017DFE9 /* PBXTargetDependency */ = {
			isa = PBXTargetDependency;
			target = 0108C8CC1E5371D70017DFE9 /* TestApp */;
			targetProxy = 0108C8F21E5371D80017DFE9 /* PBXContainerItemProxy */;
		};
/* End PBXTargetDependency section */

/* Begin PBXVariantGroup section */
		0108C8D91E5371D80017DFE9 /* Main.storyboard */ = {
			isa = PBXVariantGroup;
			children = (
				0108C8DA1E5371D80017DFE9 /* Base */,
			);
			name = Main.storyboard;
			sourceTree = "<group>";
		};
		0108C8DE1E5371D80017DFE9 /* LaunchScreen.storyboard */ = {
			isa = PBXVariantGroup;
			children = (
				0108C8DF1E5371D80017DFE9 /* Base */,
			);
			name = LaunchScreen.storyboard;
			sourceTree = "<group>";
		};
/* End PBXVariantGroup section */

/* Begin XCBuildConfiguration section */
		0108C8F81E5371D80017DFE9 /* Debug */ = {
			isa = XCBuildConfiguration;
			buildSettings = {
				ALWAYS_SEARCH_USER_PATHS = NO;
				CLANG_ANALYZER_NONNULL = YES;
				CLANG_CXX_LANGUAGE_STANDARD = "gnu++0x";
				CLANG_CXX_LIBRARY = "libc++";
				CLANG_ENABLE_MODULES = YES;
				CLANG_ENABLE_OBJC_ARC = YES;
				CLANG_WARN_BOOL_CONVERSION = YES;
				CLANG_WARN_CONSTANT_CONVERSION = YES;
				CLANG_WARN_DIRECT_OBJC_ISA_USAGE = YES_ERROR;
				CLANG_WARN_DOCUMENTATION_COMMENTS = YES;
				CLANG_WARN_EMPTY_BODY = YES;
				CLANG_WARN_ENUM_CONVERSION = YES;
				CLANG_WARN_INFINITE_RECURSION = YES;
				CLANG_WARN_INT_CONVERSION = YES;
				CLANG_WARN_OBJC_ROOT_CLASS = YES_ERROR;
				CLANG_WARN_SUSPICIOUS_MOVE = YES;
				CLANG_WARN_UNREACHABLE_CODE = YES;
				CLANG_WARN__DUPLICATE_METHOD_MATCH = YES;
				"CODE_SIGN_IDENTITY[sdk=iphoneos*]" = "iPhone Developer";
				COPY_PHASE_STRIP = NO;
				DEBUG_INFORMATION_FORMAT = dwarf;
				ENABLE_STRICT_OBJC_MSGSEND = YES;
				ENABLE_TESTABILITY = YES;
				GCC_C_LANGUAGE_STANDARD = gnu99;
				GCC_DYNAMIC_NO_PIC = NO;
				GCC_NO_COMMON_BLOCKS = YES;
				GCC_OPTIMIZATION_LEVEL = 0;
				GCC_PREPROCESSOR_DEFINITIONS = (
					"DEBUG=1",
					"$(inherited)",
				);
				GCC_WARN_64_TO_32_BIT_CONVERSION = YES;
				GCC_WARN_ABOUT_RETURN_TYPE = YES_ERROR;
				GCC_WARN_UNDECLARED_SELECTOR = YES;
				GCC_WARN_UNINITIALIZED_AUTOS = YES_AGGRESSIVE;
				GCC_WARN_UNUSED_FUNCTION = YES;
				GCC_WARN_UNUSED_VARIABLE = YES;
				IPHONEOS_DEPLOYMENT_TARGET = 10.2;
				MTL_ENABLE_DEBUG_INFO = YES;
				ONLY_ACTIVE_ARCH = YES;
				SDKROOT = iphoneos;
				TARGETED_DEVICE_FAMILY = "1,2";
			};
			name = Debug;
		};
		0108C8F91E5371D80017DFE9 /* Release */ = {
			isa = XCBuildConfiguration;
			buildSettings = {
				ALWAYS_SEARCH_USER_PATHS = NO;
				CLANG_ANALYZER_NONNULL = YES;
				CLANG_CXX_LANGUAGE_STANDARD = "gnu++0x";
				CLANG_CXX_LIBRARY = "libc++";
				CLANG_ENABLE_MODULES = YES;
				CLANG_ENABLE_OBJC_ARC = YES;
				CLANG_WARN_BOOL_CONVERSION = YES;
				CLANG_WARN_CONSTANT_CONVERSION = YES;
				CLANG_WARN_DIRECT_OBJC_ISA_USAGE = YES_ERROR;
				CLANG_WARN_DOCUMENTATION_COMMENTS = YES;
				CLANG_WARN_EMPTY_BODY = YES;
				CLANG_WARN_ENUM_CONVERSION = YES;
				CLANG_WARN_INFINITE_RECURSION = YES;
				CLANG_WARN_INT_CONVERSION = YES;
				CLANG_WARN_OBJC_ROOT_CLASS = YES_ERROR;
				CLANG_WARN_SUSPICIOUS_MOVE = YES;
				CLANG_WARN_UNREACHABLE_CODE = YES;
				CLANG_WARN__DUPLICATE_METHOD_MATCH = YES;
				"CODE_SIGN_IDENTITY[sdk=iphoneos*]" = "iPhone Developer";
				COPY_PHASE_STRIP = NO;
				DEBUG_INFORMATION_FORMAT = "dwarf-with-dsym";
				ENABLE_NS_ASSERTIONS = NO;
				ENABLE_STRICT_OBJC_MSGSEND = YES;
				GCC_C_LANGUAGE_STANDARD = gnu99;
				GCC_NO_COMMON_BLOCKS = YES;
				GCC_WARN_64_TO_32_BIT_CONVERSION = YES;
				GCC_WARN_ABOUT_RETURN_TYPE = YES_ERROR;
				GCC_WARN_UNDECLARED_SELECTOR = YES;
				GCC_WARN_UNINITIALIZED_AUTOS = YES_AGGRESSIVE;
				GCC_WARN_UNUSED_FUNCTION = YES;
				GCC_WARN_UNUSED_VARIABLE = YES;
				IPHONEOS_DEPLOYMENT_TARGET = 10.2;
				MTL_ENABLE_DEBUG_INFO = NO;
				SDKROOT = iphoneos;
				TARGETED_DEVICE_FAMILY = "1,2";
				VALIDATE_PRODUCT = YES;
			};
			name = Release;
		};
		0108C8FB1E5371D80017DFE9 /* Debug */ = {
			isa = XCBuildConfiguration;
			buildSettings = {
				ASSETCATALOG_COMPILER_APPICON_NAME = AppIcon;
				INFOPLIST_FILE = TestApp/Info.plist;
				LD_RUNPATH_SEARCH_PATHS = "$(inherited) @executable_path/Frameworks";
				PRODUCT_BUNDLE_IDENTIFIER = ayu.TestApp;
				PRODUCT_NAME = "$(TARGET_NAME)";
			};
			name = Debug;
		};
		0108C8FC1E5371D80017DFE9 /* Release */ = {
			isa = XCBuildConfiguration;
			buildSettings = {
				ASSETCATALOG_COMPILER_APPICON_NAME = AppIcon;
				INFOPLIST_FILE = TestApp/Info.plist;
				LD_RUNPATH_SEARCH_PATHS = "$(inherited) @executable_path/Frameworks";
				PRODUCT_BUNDLE_IDENTIFIER = ayu.TestApp;
				PRODUCT_NAME = "$(TARGET_NAME)";
			};
			name = Release;
		};
		0108C8FE1E5371D80017DFE9 /* Debug */ = {
			isa = XCBuildConfiguration;
			buildSettings = {
				BUNDLE_LOADER = "$(TEST_HOST)";
				INFOPLIST_FILE = TestAppTests/Info.plist;
				LD_RUNPATH_SEARCH_PATHS = "$(inherited) @executable_path/Frameworks @loader_path/Frameworks";
				PRODUCT_BUNDLE_IDENTIFIER = ayu.TestAppTests;
				PRODUCT_NAME = "$(TARGET_NAME)";
				TEST_HOST = "$(BUILT_PRODUCTS_DIR)/TestApp.app/TestApp";
			};
			name = Debug;
		};
		0108C8FF1E5371D80017DFE9 /* Release */ = {
			isa = XCBuildConfiguration;
			buildSettings = {
				BUNDLE_LOADER = "$(TEST_HOST)";
				INFOPLIST_FILE = TestAppTests/Info.plist;
				LD_RUNPATH_SEARCH_PATHS = "$(inherited) @executable_path/Frameworks @loader_path/Frameworks";
				PRODUCT_BUNDLE_IDENTIFIER = ayu.TestAppTests;
				PRODUCT_NAME = "$(TARGET_NAME)";
				TEST_HOST = "$(BUILT_PRODUCTS_DIR)/TestApp.app/TestApp";
			};
			name = Release;
		};
		0108C9011E5371D80017DFE9 /* Debug */ = {
			isa = XCBuildConfiguration;
			buildSettings = {
				INFOPLIST_FILE = TestAppUITests/Info.plist;
				LD_RUNPATH_SEARCH_PATHS = "$(inherited) @executable_path/Frameworks @loader_path/Frameworks";
				PRODUCT_BUNDLE_IDENTIFIER = ayu.TestAppUITests;
				PRODUCT_NAME = "$(TARGET_NAME)";
				TEST_TARGET_NAME = TestApp;
			};
			name = Debug;
		};
		0108C9021E5371D80017DFE9 /* Release */ = {
			isa = XCBuildConfiguration;
			buildSettings = {
				INFOPLIST_FILE = TestAppUITests/Info.plist;
				LD_RUNPATH_SEARCH_PATHS = "$(inherited) @executable_path/Frameworks @loader_path/Frameworks";
				PRODUCT_BUNDLE_IDENTIFIER = ayu.TestAppUITests;
				PRODUCT_NAME = "$(TARGET_NAME)";
				TEST_TARGET_NAME = TestApp;
			};
			name = Release;
		};
/* End XCBuildConfiguration section */

/* Begin XCConfigurationList section */
		0108C8C81E5371D70017DFE9 /* Build configuration list for PBXProject "TestApp" */ = {
			isa = XCConfigurationList;
			buildConfigurations = (
				0108C8F81E5371D80017DFE9 /* Debug */,
				0108C8F91E5371D80017DFE9 /* Release */,
			);
			defaultConfigurationIsVisible = 0;
			defaultConfigurationName = Release;
		};
		0108C8FA1E5371D80017DFE9 /* Build configuration list for PBXNativeTarget "TestApp" */ = {
			isa = XCConfigurationList;
			buildConfigurations = (
				0108C8FB1E5371D80017DFE9 /* Debug */,
				0108C8FC1E5371D80017DFE9 /* Release */,
			);
			defaultConfigurationIsVisible = 0;
		};
		0108C8FD1E5371D80017DFE9 /* Build configuration list for PBXNativeTarget "TestAppTests" */ = {
			isa = XCConfigurationList;
			buildConfigurations = (
				0108C8FE1E5371D80017DFE9 /* Debug */,
				0108C8FF1E5371D80017DFE9 /* Release */,
			);
			defaultConfigurationIsVisible = 0;
		};
		0108C9001E5371D80017DFE9 /* Build configuration list for PBXNativeTarget "TestAppUITests" */ = {
			isa = XCConfigurationList;
			buildConfigurations = (
				0108C9011E5371D80017DFE9 /* Debug */,
				0108C9021E5371D80017DFE9 /* Release */,
			);
			defaultConfigurationIsVisible = 0;
		};
/* End XCConfigurationList section */
	};
	rootObject = 0108C8C51E5371D70017DFE9 /* Project object */;
}
