// !$*UTF8*$!
{
	archiveVersion = 1;
	classes = {
	};
	objectVersion = 46;
	objects = {

/* Begin PBXBuildFile section */
		0108C9101E53B6970017DFE9 /* AppDelegate.swift in Sources */ = {isa = PBXBuildFile; fileRef = 0108C90F1E53B6970017DFE9 /* AppDelegate.swift */; };
		0108C9121E53B6970017DFE9 /* ViewController.swift in Sources */ = {isa = PBXBuildFile; fileRef = 0108C9111E53B6970017DFE9 /* ViewController.swift */; };
		0108C9151E53B6970017DFE9 /* Main.storyboard in Resources */ = {isa = PBXBuildFile; fileRef = 0108C9131E53B6970017DFE9 /* Main.storyboard */; };
		0108C9171E53B6970017DFE9 /* Assets.xcassets in Resources */ = {isa = PBXBuildFile; fileRef = 0108C9161E53B6970017DFE9 /* Assets.xcassets */; };
		0108C91A1E53B6970017DFE9 /* LaunchScreen.storyboard in Resources */ = {isa = PBXBuildFile; fileRef = 0108C9181E53B6970017DFE9 /* LaunchScreen.storyboard */; };
		0108C9251E53B6970017DFE9 /* TouchIdDemoTests.swift in Sources */ = {isa = PBXBuildFile; fileRef = 0108C9241E53B6970017DFE9 /* TouchIdDemoTests.swift */; };
		0108C9301E53B6970017DFE9 /* TouchIdDemoUITests.swift in Sources */ = {isa = PBXBuildFile; fileRef = 0108C92F1E53B6970017DFE9 /* TouchIdDemoUITests.swift */; };
/* End PBXBuildFile section */

/* Begin PBXContainerItemProxy section */
		0108C9211E53B6970017DFE9 /* PBXContainerItemProxy */ = {
			isa = PBXContainerItemProxy;
			containerPortal = 0108C9041E53B6970017DFE9 /* Project object */;
			proxyType = 1;
			remoteGlobalIDString = 0108C90B1E53B6970017DFE9;
			remoteInfo = TouchIdDemo;
		};
		0108C92C1E53B6970017DFE9 /* PBXContainerItemProxy */ = {
			isa = PBXContainerItemProxy;
			containerPortal = 0108C9041E53B6970017DFE9 /* Project object */;
			proxyType = 1;
			remoteGlobalIDString = 0108C90B1E53B6970017DFE9;
			remoteInfo = TouchIdDemo;
		};
/* End PBXContainerItemProxy section */

/* Begin PBXFileReference section */
		0108C90C1E53B6970017DFE9 /* TouchIdDemo.app */ = {isa = PBXFileReference; explicitFileType = wrapper.application; includeInIndex = 0; path = TouchIdDemo.app; sourceTree = BUILT_PRODUCTS_DIR; };
		0108C90F1E53B6970017DFE9 /* AppDelegate.swift */ = {isa = PBXFileReference; lastKnownFileType = sourcecode.swift; path = AppDelegate.swift; sourceTree = "<group>"; };
		0108C9111E53B6970017DFE9 /* ViewController.swift */ = {isa = PBXFileReference; lastKnownFileType = sourcecode.swift; path = ViewController.swift; sourceTree = "<group>"; };
		0108C9141E53B6970017DFE9 /* Base */ = {isa = PBXFileReference; lastKnownFileType = file.storyboard; name = Base; path = Base.lproj/Main.storyboard; sourceTree = "<group>"; };
		0108C9161E53B6970017DFE9 /* Assets.xcassets */ = {isa = PBXFileReference; lastKnownFileType = folder.assetcatalog; path = Assets.xcassets; sourceTree = "<group>"; };
		0108C9191E53B6970017DFE9 /* Base */ = {isa = PBXFileReference; lastKnownFileType = file.storyboard; name = Base; path = Base.lproj/LaunchScreen.storyboard; sourceTree = "<group>"; };
		0108C91B1E53B6970017DFE9 /* Info.plist */ = {isa = PBXFileReference; lastKnownFileType = text.plist.xml; path = Info.plist; sourceTree = "<group>"; };
		0108C9201E53B6970017DFE9 /* TouchIdDemoTests.xctest */ = {isa = PBXFileReference; explicitFileType = wrapper.cfbundle; includeInIndex = 0; path = TouchIdDemoTests.xctest; sourceTree = BUILT_PRODUCTS_DIR; };
		0108C9241E53B6970017DFE9 /* TouchIdDemoTests.swift */ = {isa = PBXFileReference; lastKnownFileType = sourcecode.swift; path = TouchIdDemoTests.swift; sourceTree = "<group>"; };
		0108C9261E53B6970017DFE9 /* Info.plist */ = {isa = PBXFileReference; lastKnownFileType = text.plist.xml; path = Info.plist; sourceTree = "<group>"; };
		0108C92B1E53B6970017DFE9 /* TouchIdDemoUITests.xctest */ = {isa = PBXFileReference; explicitFileType = wrapper.cfbundle; includeInIndex = 0; path = TouchIdDemoUITests.xctest; sourceTree = BUILT_PRODUCTS_DIR; };
		0108C92F1E53B6970017DFE9 /* TouchIdDemoUITests.swift */ = {isa = PBXFileReference; lastKnownFileType = sourcecode.swift; path = TouchIdDemoUITests.swift; sourceTree = "<group>"; };
		0108C9311E53B6970017DFE9 /* Info.plist */ = {isa = PBXFileReference; lastKnownFileType = text.plist.xml; path = Info.plist; sourceTree = "<group>"; };
/* End PBXFileReference section */

/* Begin PBXFrameworksBuildPhase section */
		0108C9091E53B6970017DFE9 /* Frameworks */ = {
			isa = PBXFrameworksBuildPhase;
			buildActionMask = 2147483647;
			files = (
			);
			runOnlyForDeploymentPostprocessing = 0;
		};
		0108C91D1E53B6970017DFE9 /* Frameworks */ = {
			isa = PBXFrameworksBuildPhase;
			buildActionMask = 2147483647;
			files = (
			);
			runOnlyForDeploymentPostprocessing = 0;
		};
		0108C9281E53B6970017DFE9 /* Frameworks */ = {
			isa = PBXFrameworksBuildPhase;
			buildActionMask = 2147483647;
			files = (
			);
			runOnlyForDeploymentPostprocessing = 0;
		};
/* End PBXFrameworksBuildPhase section */

/* Begin PBXGroup section */
		0108C9031E53B6970017DFE9 = {
			isa = PBXGroup;
			children = (
				0108C90E1E53B6970017DFE9 /* TouchIdDemo */,
				0108C9231E53B6970017DFE9 /* TouchIdDemoTests */,
				0108C92E1E53B6970017DFE9 /* TouchIdDemoUITests */,
				0108C90D1E53B6970017DFE9 /* Products */,
			);
			sourceTree = "<group>";
		};
		0108C90D1E53B6970017DFE9 /* Products */ = {
			isa = PBXGroup;
			children = (
				0108C90C1E53B6970017DFE9 /* TouchIdDemo.app */,
				0108C9201E53B6970017DFE9 /* TouchIdDemoTests.xctest */,
				0108C92B1E53B6970017DFE9 /* TouchIdDemoUITests.xctest */,
			);
			name = Products;
			sourceTree = "<group>";
		};
		0108C90E1E53B6970017DFE9 /* TouchIdDemo */ = {
			isa = PBXGroup;
			children = (
				0108C90F1E53B6970017DFE9 /* AppDelegate.swift */,
				0108C9111E53B6970017DFE9 /* ViewController.swift */,
				0108C9131E53B6970017DFE9 /* Main.storyboard */,
				0108C9161E53B6970017DFE9 /* Assets.xcassets */,
				0108C9181E53B6970017DFE9 /* LaunchScreen.storyboard */,
				0108C91B1E53B6970017DFE9 /* Info.plist */,
			);
			path = TouchIdDemo;
			sourceTree = "<group>";
		};
		0108C9231E53B6970017DFE9 /* TouchIdDemoTests */ = {
			isa = PBXGroup;
			children = (
				0108C9241E53B6970017DFE9 /* TouchIdDemoTests.swift */,
				0108C9261E53B6970017DFE9 /* Info.plist */,
			);
			path = TouchIdDemoTests;
			sourceTree = "<group>";
		};
		0108C92E1E53B6970017DFE9 /* TouchIdDemoUITests */ = {
			isa = PBXGroup;
			children = (
				0108C92F1E53B6970017DFE9 /* TouchIdDemoUITests.swift */,
				0108C9311E53B6970017DFE9 /* Info.plist */,
			);
			path = TouchIdDemoUITests;
			sourceTree = "<group>";
		};
/* End PBXGroup section */

/* Begin PBXNativeTarget section */
		0108C90B1E53B6970017DFE9 /* TouchIdDemo */ = {
			isa = PBXNativeTarget;
			buildConfigurationList = 0108C9341E53B6970017DFE9 /* Build configuration list for PBXNativeTarget "TouchIdDemo" */;
			buildPhases = (
				0108C9081E53B6970017DFE9 /* Sources */,
				0108C9091E53B6970017DFE9 /* Frameworks */,
				0108C90A1E53B6970017DFE9 /* Resources */,
			);
			buildRules = (
			);
			dependencies = (
			);
			name = TouchIdDemo;
			productName = TouchIdDemo;
			productReference = 0108C90C1E53B6970017DFE9 /* TouchIdDemo.app */;
			productType = "com.apple.product-type.application";
		};
		0108C91F1E53B6970017DFE9 /* TouchIdDemoTests */ = {
			isa = PBXNativeTarget;
			buildConfigurationList = 0108C9371E53B6970017DFE9 /* Build configuration list for PBXNativeTarget "TouchIdDemoTests" */;
			buildPhases = (
				0108C91C1E53B6970017DFE9 /* Sources */,
				0108C91D1E53B6970017DFE9 /* Frameworks */,
				0108C91E1E53B6970017DFE9 /* Resources */,
			);
			buildRules = (
			);
			dependencies = (
				0108C9221E53B6970017DFE9 /* PBXTargetDependency */,
			);
			name = TouchIdDemoTests;
			productName = TouchIdDemoTests;
			productReference = 0108C9201E53B6970017DFE9 /* TouchIdDemoTests.xctest */;
			productType = "com.apple.product-type.bundle.unit-test";
		};
		0108C92A1E53B6970017DFE9 /* TouchIdDemoUITests */ = {
			isa = PBXNativeTarget;
			buildConfigurationList = 0108C93A1E53B6970017DFE9 /* Build configuration list for PBXNativeTarget "TouchIdDemoUITests" */;
			buildPhases = (
				0108C9271E53B6970017DFE9 /* Sources */,
				0108C9281E53B6970017DFE9 /* Frameworks */,
				0108C9291E53B6970017DFE9 /* Resources */,
			);
			buildRules = (
			);
			dependencies = (
				0108C92D1E53B6970017DFE9 /* PBXTargetDependency */,
			);
			name = TouchIdDemoUITests;
			productName = TouchIdDemoUITests;
			productReference = 0108C92B1E53B6970017DFE9 /* TouchIdDemoUITests.xctest */;
			productType = "com.apple.product-type.bundle.ui-testing";
		};
/* End PBXNativeTarget section */

/* Begin PBXProject section */
		0108C9041E53B6970017DFE9 /* Project object */ = {
			isa = PBXProject;
			attributes = {
				LastSwiftUpdateCheck = 0820;
				LastUpgradeCheck = 0820;
				ORGANIZATIONNAME = "Ayushi Parashar";
				TargetAttributes = {
					0108C90B1E53B6970017DFE9 = {
						CreatedOnToolsVersion = 8.2.1;
						DevelopmentTeam = 78N64K4DPL;
						ProvisioningStyle = Automatic;
					};
					0108C91F1E53B6970017DFE9 = {
						CreatedOnToolsVersion = 8.2.1;
						ProvisioningStyle = Automatic;
						TestTargetID = 0108C90B1E53B6970017DFE9;
					};
					0108C92A1E53B6970017DFE9 = {
						CreatedOnToolsVersion = 8.2.1;
						ProvisioningStyle = Automatic;
						TestTargetID = 0108C90B1E53B6970017DFE9;
					};
				};
			};
			buildConfigurationList = 0108C9071E53B6970017DFE9 /* Build configuration list for PBXProject "TouchIdDemo" */;
			compatibilityVersion = "Xcode 3.2";
			developmentRegion = English;
			hasScannedForEncodings = 0;
			knownRegions = (
				en,
				Base,
			);
			mainGroup = 0108C9031E53B6970017DFE9;
			productRefGroup = 0108C90D1E53B6970017DFE9 /* Products */;
			projectDirPath = "";
			projectRoot = "";
			targets = (
				0108C90B1E53B6970017DFE9 /* TouchIdDemo */,
				0108C91F1E53B6970017DFE9 /* TouchIdDemoTests */,
				0108C92A1E53B6970017DFE9 /* TouchIdDemoUITests */,
			);
		};
/* End PBXProject section */

/* Begin PBXResourcesBuildPhase section */
		0108C90A1E53B6970017DFE9 /* Resources */ = {
			isa = PBXResourcesBuildPhase;
			buildActionMask = 2147483647;
			files = (
				0108C91A1E53B6970017DFE9 /* LaunchScreen.storyboard in Resources */,
				0108C9171E53B6970017DFE9 /* Assets.xcassets in Resources */,
				0108C9151E53B6970017DFE9 /* Main.storyboard in Resources */,
			);
			runOnlyForDeploymentPostprocessing = 0;
		};
		0108C91E1E53B6970017DFE9 /* Resources */ = {
			isa = PBXResourcesBuildPhase;
			buildActionMask = 2147483647;
			files = (
			);
			runOnlyForDeploymentPostprocessing = 0;
		};
		0108C9291E53B6970017DFE9 /* Resources */ = {
			isa = PBXResourcesBuildPhase;
			buildActionMask = 2147483647;
			files = (
			);
			runOnlyForDeploymentPostprocessing = 0;
		};
/* End PBXResourcesBuildPhase section */

/* Begin PBXSourcesBuildPhase section */
		0108C9081E53B6970017DFE9 /* Sources */ = {
			isa = PBXSourcesBuildPhase;
			buildActionMask = 2147483647;
			files = (
				0108C9121E53B6970017DFE9 /* ViewController.swift in Sources */,
				0108C9101E53B6970017DFE9 /* AppDelegate.swift in Sources */,
			);
			runOnlyForDeploymentPostprocessing = 0;
		};
		0108C91C1E53B6970017DFE9 /* Sources */ = {
			isa = PBXSourcesBuildPhase;
			buildActionMask = 2147483647;
			files = (
				0108C9251E53B6970017DFE9 /* TouchIdDemoTests.swift in Sources */,
			);
			runOnlyForDeploymentPostprocessing = 0;
		};
		0108C9271E53B6970017DFE9 /* Sources */ = {
			isa = PBXSourcesBuildPhase;
			buildActionMask = 2147483647;
			files = (
				0108C9301E53B6970017DFE9 /* TouchIdDemoUITests.swift in Sources */,
			);
			runOnlyForDeploymentPostprocessing = 0;
		};
/* End PBXSourcesBuildPhase section */

/* Begin PBXTargetDependency section */
		0108C9221E53B6970017DFE9 /* PBXTargetDependency */ = {
			isa = PBXTargetDependency;
			target = 0108C90B1E53B6970017DFE9 /* TouchIdDemo */;
			targetProxy = 0108C9211E53B6970017DFE9 /* PBXContainerItemProxy */;
		};
		0108C92D1E53B6970017DFE9 /* PBXTargetDependency */ = {
			isa = PBXTargetDependency;
			target = 0108C90B1E53B6970017DFE9 /* TouchIdDemo */;
			targetProxy = 0108C92C1E53B6970017DFE9 /* PBXContainerItemProxy */;
		};
/* End PBXTargetDependency section */

/* Begin PBXVariantGroup section */
		0108C9131E53B6970017DFE9 /* Main.storyboard */ = {
			isa = PBXVariantGroup;
			children = (
				0108C9141E53B6970017DFE9 /* Base */,
			);
			name = Main.storyboard;
			sourceTree = "<group>";
		};
		0108C9181E53B6970017DFE9 /* LaunchScreen.storyboard */ = {
			isa = PBXVariantGroup;
			children = (
				0108C9191E53B6970017DFE9 /* Base */,
			);
			name = LaunchScreen.storyboard;
			sourceTree = "<group>";
		};
/* End PBXVariantGroup section */

/* Begin XCBuildConfiguration section */
		0108C9321E53B6970017DFE9 /* Debug */ = {
			isa = XCBuildConfiguration;
			buildSettings = {
				ALWAYS_SEARCH_USER_PATHS = NO;
				CLANG_ANALYZER_NONNULL = YES;
				CLANG_CXX_LANGUAGE_STANDARD = "gnu++0x";
				CLANG_CXX_LIBRARY = "libc++";
				CLANG_ENABLE_MODULES = YES;
				CLANG_ENABLE_OBJC_ARC = YES;
				CLANG_WARN_BOOL_CONVERSION = YES;
				CLANG_WARN_CONSTANT_CONVERSION = YES;
				CLANG_WARN_DIRECT_OBJC_ISA_USAGE = YES_ERROR;
				CLANG_WARN_DOCUMENTATION_COMMENTS = YES;
				CLANG_WARN_EMPTY_BODY = YES;
				CLANG_WARN_ENUM_CONVERSION = YES;
				CLANG_WARN_INFINITE_RECURSION = YES;
				CLANG_WARN_INT_CONVERSION = YES;
				CLANG_WARN_OBJC_ROOT_CLASS = YES_ERROR;
				CLANG_WARN_SUSPICIOUS_MOVE = YES;
				CLANG_WARN_UNREACHABLE_CODE = YES;
				CLANG_WARN__DUPLICATE_METHOD_MATCH = YES;
				CODE_SIGN_IDENTITY = "iPhone Developer: Ayushi Parashar (8DMG9ETPBM)";
				"CODE_SIGN_IDENTITY[sdk=iphoneos*]" = "iPhone Developer";
				COPY_PHASE_STRIP = NO;
				DEBUG_INFORMATION_FORMAT = dwarf;
				ENABLE_STRICT_OBJC_MSGSEND = YES;
				ENABLE_TESTABILITY = YES;
				GCC_C_LANGUAGE_STANDARD = gnu99;
				GCC_DYNAMIC_NO_PIC = NO;
				GCC_NO_COMMON_BLOCKS = YES;
				GCC_OPTIMIZATION_LEVEL = 0;
				GCC_PREPROCESSOR_DEFINITIONS = (
					"DEBUG=1",
					"$(inherited)",
				);
				GCC_WARN_64_TO_32_BIT_CONVERSION = YES;
				GCC_WARN_ABOUT_RETURN_TYPE = YES_ERROR;
				GCC_WARN_UNDECLARED_SELECTOR = YES;
				GCC_WARN_UNINITIALIZED_AUTOS = YES_AGGRESSIVE;
				GCC_WARN_UNUSED_FUNCTION = YES;
				GCC_WARN_UNUSED_VARIABLE = YES;
				IPHONEOS_DEPLOYMENT_TARGET = 10.2;
				MTL_ENABLE_DEBUG_INFO = YES;
				ONLY_ACTIVE_ARCH = YES;
				PROVISIONING_PROFILE = "179310b8-d12f-4dc6-9f4e-b083a52e80b7";
				SDKROOT = iphoneos;
				SWIFT_ACTIVE_COMPILATION_CONDITIONS = DEBUG;
				SWIFT_OPTIMIZATION_LEVEL = "-Onone";
				TARGETED_DEVICE_FAMILY = "1,2";
			};
			name = Debug;
		};
		0108C9331E53B6970017DFE9 /* Release */ = {
			isa = XCBuildConfiguration;
			buildSettings = {
				ALWAYS_SEARCH_USER_PATHS = NO;
				CLANG_ANALYZER_NONNULL = YES;
				CLANG_CXX_LANGUAGE_STANDARD = "gnu++0x";
				CLANG_CXX_LIBRARY = "libc++";
				CLANG_ENABLE_MODULES = YES;
				CLANG_ENABLE_OBJC_ARC = YES;
				CLANG_WARN_BOOL_CONVERSION = YES;
				CLANG_WARN_CONSTANT_CONVERSION = YES;
				CLANG_WARN_DIRECT_OBJC_ISA_USAGE = YES_ERROR;
				CLANG_WARN_DOCUMENTATION_COMMENTS = YES;
				CLANG_WARN_EMPTY_BODY = YES;
				CLANG_WARN_ENUM_CONVERSION = YES;
				CLANG_WARN_INFINITE_RECURSION = YES;
				CLANG_WARN_INT_CONVERSION = YES;
				CLANG_WARN_OBJC_ROOT_CLASS = YES_ERROR;
				CLANG_WARN_SUSPICIOUS_MOVE = YES;
				CLANG_WARN_UNREACHABLE_CODE = YES;
				CLANG_WARN__DUPLICATE_METHOD_MATCH = YES;
				"CODE_SIGN_IDENTITY[sdk=iphoneos*]" = "iPhone Developer";
				COPY_PHASE_STRIP = NO;
				DEBUG_INFORMATION_FORMAT = "dwarf-with-dsym";
				ENABLE_NS_ASSERTIONS = NO;
				ENABLE_STRICT_OBJC_MSGSEND = YES;
				GCC_C_LANGUAGE_STANDARD = gnu99;
				GCC_NO_COMMON_BLOCKS = YES;
				GCC_WARN_64_TO_32_BIT_CONVERSION = YES;
				GCC_WARN_ABOUT_RETURN_TYPE = YES_ERROR;
				GCC_WARN_UNDECLARED_SELECTOR = YES;
				GCC_WARN_UNINITIALIZED_AUTOS = YES_AGGRESSIVE;
				GCC_WARN_UNUSED_FUNCTION = YES;
				GCC_WARN_UNUSED_VARIABLE = YES;
				IPHONEOS_DEPLOYMENT_TARGET = 10.2;
				MTL_ENABLE_DEBUG_INFO = NO;
				PROVISIONING_PROFILE = "179310b8-d12f-4dc6-9f4e-b083a52e80b7";
				SDKROOT = iphoneos;
				SWIFT_OPTIMIZATION_LEVEL = "-Owholemodule";
				TARGETED_DEVICE_FAMILY = "1,2";
				VALIDATE_PRODUCT = YES;
			};
			name = Release;
		};
		0108C9351E53B6970017DFE9 /* Debug */ = {
			isa = XCBuildConfiguration;
			buildSettings = {
				ASSETCATALOG_COMPILER_APPICON_NAME = AppIcon;
				CODE_SIGN_IDENTITY = "iPhone Developer";
				DEVELOPMENT_TEAM = 78N64K4DPL;
				INFOPLIST_FILE = TouchIdDemo/Info.plist;
				LD_RUNPATH_SEARCH_PATHS = "$(inherited) @executable_path/Frameworks";
				PRODUCT_BUNDLE_IDENTIFIER = "-8N64K4DPL.myProject.TouchId";
				PRODUCT_NAME = "$(TARGET_NAME)";
				PROVISIONING_PROFILE = "179310b8-d12f-4dc6-9f4e-b083a52e80b7";
				SWIFT_VERSION = 3.0;
			};
			name = Debug;
		};
		0108C9361E53B6970017DFE9 /* Release */ = {
			isa = XCBuildConfiguration;
			buildSettings = {
				ASSETCATALOG_COMPILER_APPICON_NAME = AppIcon;
				DEVELOPMENT_TEAM = 78N64K4DPL;
				INFOPLIST_FILE = TouchIdDemo/Info.plist;
				LD_RUNPATH_SEARCH_PATHS = "$(inherited) @executable_path/Frameworks";
				PRODUCT_BUNDLE_IDENTIFIER = "-8N64K4DPL.myProject.TouchId";
				PRODUCT_NAME = "$(TARGET_NAME)";
				PROVISIONING_PROFILE = "179310b8-d12f-4dc6-9f4e-b083a52e80b7";
				SWIFT_VERSION = 3.0;
			};
			name = Release;
		};
		0108C9381E53B6970017DFE9 /* Debug */ = {
			isa = XCBuildConfiguration;
			buildSettings = {
				ALWAYS_EMBED_SWIFT_STANDARD_LIBRARIES = YES;
				BUNDLE_LOADER = "$(TEST_HOST)";
				INFOPLIST_FILE = TouchIdDemoTests/Info.plist;
				LD_RUNPATH_SEARCH_PATHS = "$(inherited) @executable_path/Frameworks @loader_path/Frameworks";
				PRODUCT_BUNDLE_IDENTIFIER = ayu.TouchIdDemoTests;
				PRODUCT_NAME = "$(TARGET_NAME)";
				SWIFT_VERSION = 3.0;
				TEST_HOST = "$(BUILT_PRODUCTS_DIR)/TouchIdDemo.app/TouchIdDemo";
			};
			name = Debug;
		};
		0108C9391E53B6970017DFE9 /* Release */ = {
			isa = XCBuildConfiguration;
			buildSettings = {
				ALWAYS_EMBED_SWIFT_STANDARD_LIBRARIES = YES;
				BUNDLE_LOADER = "$(TEST_HOST)";
				INFOPLIST_FILE = TouchIdDemoTests/Info.plist;
				LD_RUNPATH_SEARCH_PATHS = "$(inherited) @executable_path/Frameworks @loader_path/Frameworks";
				PRODUCT_BUNDLE_IDENTIFIER = ayu.TouchIdDemoTests;
				PRODUCT_NAME = "$(TARGET_NAME)";
				SWIFT_VERSION = 3.0;
				TEST_HOST = "$(BUILT_PRODUCTS_DIR)/TouchIdDemo.app/TouchIdDemo";
			};
			name = Release;
		};
		0108C93B1E53B6970017DFE9 /* Debug */ = {
			isa = XCBuildConfiguration;
			buildSettings = {
				ALWAYS_EMBED_SWIFT_STANDARD_LIBRARIES = YES;
				INFOPLIST_FILE = TouchIdDemoUITests/Info.plist;
				LD_RUNPATH_SEARCH_PATHS = "$(inherited) @executable_path/Frameworks @loader_path/Frameworks";
				PRODUCT_BUNDLE_IDENTIFIER = ayu.TouchIdDemoUITests;
				PRODUCT_NAME = "$(TARGET_NAME)";
				SWIFT_VERSION = 3.0;
				TEST_TARGET_NAME = TouchIdDemo;
			};
			name = Debug;
		};
		0108C93C1E53B6970017DFE9 /* Release */ = {
			isa = XCBuildConfiguration;
			buildSettings = {
				ALWAYS_EMBED_SWIFT_STANDARD_LIBRARIES = YES;
				INFOPLIST_FILE = TouchIdDemoUITests/Info.plist;
				LD_RUNPATH_SEARCH_PATHS = "$(inherited) @executable_path/Frameworks @loader_path/Frameworks";
				PRODUCT_BUNDLE_IDENTIFIER = ayu.TouchIdDemoUITests;
				PRODUCT_NAME = "$(TARGET_NAME)";
				SWIFT_VERSION = 3.0;
				TEST_TARGET_NAME = TouchIdDemo;
			};
			name = Release;
		};
/* End XCBuildConfiguration section */

/* Begin XCConfigurationList section */
		0108C9071E53B6970017DFE9 /* Build configuration list for PBXProject "TouchIdDemo" */ = {
			isa = XCConfigurationList;
			buildConfigurations = (
				0108C9321E53B6970017DFE9 /* Debug */,
				0108C9331E53B6970017DFE9 /* Release */,
			);
			defaultConfigurationIsVisible = 0;
			defaultConfigurationName = Release;
		};
		0108C9341E53B6970017DFE9 /* Build configuration list for PBXNativeTarget "TouchIdDemo" */ = {
			isa = XCConfigurationList;
			buildConfigurations = (
				0108C9351E53B6970017DFE9 /* Debug */,
				0108C9361E53B6970017DFE9 /* Release */,
			);
			defaultConfigurationIsVisible = 0;
			defaultConfigurationName = Release;
		};
		0108C9371E53B6970017DFE9 /* Build configuration list for PBXNativeTarget "TouchIdDemoTests" */ = {
			isa = XCConfigurationList;
			buildConfigurations = (
				0108C9381E53B6970017DFE9 /* Debug */,
				0108C9391E53B6970017DFE9 /* Release */,
			);
			defaultConfigurationIsVisible = 0;
			defaultConfigurationName = Release;
		};
		0108C93A1E53B6970017DFE9 /* Build configuration list for PBXNativeTarget "TouchIdDemoUITests" */ = {
			isa = XCConfigurationList;
			buildConfigurations = (
				0108C93B1E53B6970017DFE9 /* Debug */,
				0108C93C1E53B6970017DFE9 /* Release */,
			);
			defaultConfigurationIsVisible = 0;
			defaultConfigurationName = Release;
		};
/* End XCConfigurationList section */
	};
	rootObject = 0108C9041E53B6970017DFE9 /* Project object */;
}
